{
  "name": "assets",
  "lockfileVersion": 2,
  "requires": true,
  "packages": {
    "": {
      "dependencies": {
        "alpinejs": "^3.10.2",
        "topbar": "^1.0.1"
      },
      "devDependencies": {
        "rustywind": "^0.15.0"
      }
    },
    "node_modules/@vue/reactivity": {
      "version": "3.1.5",
      "resolved": "https://registry.npmjs.org/@vue/reactivity/-/reactivity-3.1.5.tgz",
      "integrity": "sha512-1tdfLmNjWG6t/CsPldh+foumYFo3cpyCHgBYQ34ylaMsJ+SNHQ1kApMIa8jN+i593zQuaw3AdWH0nJTARzCFhg==",
      "dependencies": {
        "@vue/shared": "3.1.5"
      }
    },
    "node_modules/@vue/shared": {
      "version": "3.1.5",
      "resolved": "https://registry.npmjs.org/@vue/shared/-/shared-3.1.5.tgz",
      "integrity": "sha512-oJ4F3TnvpXaQwZJNF3ZK+kLPHKarDmJjJ6jyzVNDKH9md1dptjC7lWR//jrGuLdek/U6iltWxqAnYOu8gCiOvA=="
    },
    "node_modules/agent-base": {
      "version": "5.1.1",
      "resolved": "https://registry.npmjs.org/agent-base/-/agent-base-5.1.1.tgz",
      "integrity": "sha512-TMeqbNl2fMW0nMjTEPOwe3J/PRFP4vqeoNuQMG0HlMrtm5QxKqdvAkZ1pRBQ/ulIyDD5Yq0nJ7YbdD8ey0TO3g==",
      "dev": true,
      "engines": {
        "node": ">= 6.0.0"
      }
    },
    "node_modules/alpinejs": {
      "version": "3.10.2",
      "resolved": "https://registry.npmjs.org/alpinejs/-/alpinejs-3.10.2.tgz",
      "integrity": "sha512-P6DTX78J94FgsskS3eS23s26hfb0NWQZUidBnkUK7fId1x64/kLm5E79lL3HNItUmHDCKOHvfP8EAcuCVab89w==",
      "dependencies": {
        "@vue/reactivity": "~3.1.1"
      }
    },
    "node_modules/debug": {
      "version": "4.3.4",
      "resolved": "https://registry.npmjs.org/debug/-/debug-4.3.4.tgz",
      "integrity": "sha512-PRWFHuSU3eDtQJPvnNY7Jcket1j0t5OuOsFzPPzsekD52Zl8qUfFIPEiswXqIvHWGVHOgX+7G/vCNNhehwxfkQ==",
      "dev": true,
      "dependencies": {
        "ms": "2.1.2"
      },
      "engines": {
        "node": ">=6.0"
      },
      "peerDependenciesMeta": {
        "supports-color": {
          "optional": true
        }
      }
    },
    "node_modules/https-proxy-agent": {
      "version": "4.0.0",
      "resolved": "https://registry.npmjs.org/https-proxy-agent/-/https-proxy-agent-4.0.0.tgz",
      "integrity": "sha512-zoDhWrkR3of1l9QAL8/scJZyLu8j/gBkcwcaQOZh7Gyh/+uJQzGVETdgT30akuwkpL8HTRfssqI3BZuV18teDg==",
      "dev": true,
      "dependencies": {
        "agent-base": "5",
        "debug": "4"
      },
      "engines": {
        "node": ">= 6.0.0"
      }
    },
    "node_modules/ms": {
      "version": "2.1.2",
      "resolved": "https://registry.npmjs.org/ms/-/ms-2.1.2.tgz",
      "integrity": "sha512-sGkPx+VjMtmA6MX27oA4FBFELFCZZ4S4XqeGOXCv68tT+jb3vk/RyaKWP0PTKyWtmLSM0b+adUTEvbs1PEaH2w==",
      "dev": true
    },
    "node_modules/proxy-from-env": {
      "version": "1.1.0",
      "resolved": "https://registry.npmjs.org/proxy-from-env/-/proxy-from-env-1.1.0.tgz",
      "integrity": "sha512-D+zkORCbA9f1tdWRK0RaCR3GPv50cMxcrz4X8k5LTSUD1Dkw47mKJEZQNunItRTkWwgtaUSo1RVFRIG9ZXiFYg==",
      "dev": true
    },
    "node_modules/rustywind": {
      "version": "0.15.0",
      "resolved": "https://registry.npmjs.org/rustywind/-/rustywind-0.15.0.tgz",
      "integrity": "sha512-vj7MQ3Jdf2GLap8MYr0Ui04f8bBQksYGTLwkrVsIaZ+uJbDuiyPCAMYlTJEeruAolD+fJj35NxTSSHA4GgOGhQ==",
      "dev": true,
      "hasInstallScript": true,
      "dependencies": {
        "https-proxy-agent": "^4.0.0",
        "proxy-from-env": "^1.1.0"
      },
      "bin": {
        "rustywind": "bin/rustywind"
      }
    },
    "node_modules/topbar": {
      "version": "1.0.1",
      "resolved": "https://registry.npmjs.org/topbar/-/topbar-1.0.1.tgz",
      "integrity": "sha512-HZqQSMBiG29vcjOrqKCM9iGY/h69G5gQH7ae83ZCPz5uPmbQKwK0sMEqzVDBiu64tWHJ+kk9NApECrF+FAAvRA=="
    }
  },
  "dependencies": {
    "@vue/reactivity": {
      "version": "3.1.5",
      "resolved": "https://registry.npmjs.org/@vue/reactivity/-/reactivity-3.1.5.tgz",
      "integrity": "sha512-1tdfLmNjWG6t/CsPldh+foumYFo3cpyCHgBYQ34ylaMsJ+SNHQ1kApMIa8jN+i593zQuaw3AdWH0nJTARzCFhg==",
      "requires": {
        "@vue/shared": "3.1.5"
      }
    },
    "@vue/shared": {
      "version": "3.1.5",
      "resolved": "https://registry.npmjs.org/@vue/shared/-/shared-3.1.5.tgz",
      "integrity": "sha512-oJ4F3TnvpXaQwZJNF3ZK+kLPHKarDmJjJ6jyzVNDKH9md1dptjC7lWR//jrGuLdek/U6iltWxqAnYOu8gCiOvA=="
    },
    "agent-base": {
      "version": "5.1.1",
      "resolved": "https://registry.npmjs.org/agent-base/-/agent-base-5.1.1.tgz",
      "integrity": "sha512-TMeqbNl2fMW0nMjTEPOwe3J/PRFP4vqeoNuQMG0HlMrtm5QxKqdvAkZ1pRBQ/ulIyDD5Yq0nJ7YbdD8ey0TO3g==",
      "dev": true
    },
    "alpinejs": {
      "version": "3.10.2",
      "resolved": "https://registry.npmjs.org/alpinejs/-/alpinejs-3.10.2.tgz",
      "integrity": "sha512-P6DTX78J94FgsskS3eS23s26hfb0NWQZUidBnkUK7fId1x64/kLm5E79lL3HNItUmHDCKOHvfP8EAcuCVab89w==",
      "requires": {
        "@vue/reactivity": "~3.1.1"
      }
    },
    "debug": {
      "version": "4.3.4",
      "resolved": "https://registry.npmjs.org/debug/-/debug-4.3.4.tgz",
      "integrity": "sha512-PRWFHuSU3eDtQJPvnNY7Jcket1j0t5OuOsFzPPzsekD52Zl8qUfFIPEiswXqIvHWGVHOgX+7G/vCNNhehwxfkQ==",
      "dev": true,
      "requires": {
        "ms": "2.1.2"
      }
    },
    "https-proxy-agent": {
      "version": "4.0.0",
      "resolved": "https://registry.npmjs.org/https-proxy-agent/-/https-proxy-agent-4.0.0.tgz",
      "integrity": "sha512-zoDhWrkR3of1l9QAL8/scJZyLu8j/gBkcwcaQOZh7Gyh/+uJQzGVETdgT30akuwkpL8HTRfssqI3BZuV18teDg==",
      "dev": true,
      "requires": {
        "agent-base": "5",
        "debug": "4"
      }
    },
    "ms": {
      "version": "2.1.2",
      "resolved": "https://registry.npmjs.org/ms/-/ms-2.1.2.tgz",
      "integrity": "sha512-sGkPx+VjMtmA6MX27oA4FBFELFCZZ4S4XqeGOXCv68tT+jb3vk/RyaKWP0PTKyWtmLSM0b+adUTEvbs1PEaH2w==",
      "dev": true
    },
    "proxy-from-env": {
      "version": "1.1.0",
      "resolved": "https://registry.npmjs.org/proxy-from-env/-/proxy-from-env-1.1.0.tgz",
      "integrity": "sha512-D+zkORCbA9f1tdWRK0RaCR3GPv50cMxcrz4X8k5LTSUD1Dkw47mKJEZQNunItRTkWwgtaUSo1RVFRIG9ZXiFYg==",
      "dev": true
    },
    "rustywind": {
      "version": "0.15.0",
      "resolved": "https://registry.npmjs.org/rustywind/-/rustywind-0.15.0.tgz",
      "integrity": "sha512-vj7MQ3Jdf2GLap8MYr0Ui04f8bBQksYGTLwkrVsIaZ+uJbDuiyPCAMYlTJEeruAolD+fJj35NxTSSHA4GgOGhQ==",
      "dev": true,
      "requires": {
        "https-proxy-agent": "^4.0.0",
        "proxy-from-env": "^1.1.0"
      }
    },
    "topbar": {
      "version": "1.0.1",
      "resolved": "https://registry.npmjs.org/topbar/-/topbar-1.0.1.tgz",
      "integrity": "sha512-HZqQSMBiG29vcjOrqKCM9iGY/h69G5gQH7ae83ZCPz5uPmbQKwK0sMEqzVDBiu64tWHJ+kk9NApECrF+FAAvRA=="
    }
  }
}
